// !$*UTF8*$!
{
	archiveVersion = 1;
	classes = {
	};
	objectVersion = 56;
	objects = {

/* Begin PBXBuildFile section */
		44929F9F2B19C2270077D0AD /* ThreadCell.swift in Sources */ = {isa = PBXBuildFile; fileRef = 44929F9E2B19C2270077D0AD /* ThreadCell.swift */; };
		44A43F252B172FBC0053B1FE /* ThreadsEdApp.swift in Sources */ = {isa = PBXBuildFile; fileRef = 44A43F242B172FBC0053B1FE /* ThreadsEdApp.swift */; };
		44A43F272B172FBC0053B1FE /* ContentView.swift in Sources */ = {isa = PBXBuildFile; fileRef = 44A43F262B172FBC0053B1FE /* ContentView.swift */; };
		44A43F292B172FC00053B1FE /* Assets.xcassets in Resources */ = {isa = PBXBuildFile; fileRef = 44A43F282B172FC00053B1FE /* Assets.xcassets */; };
		44A43F2C2B172FC00053B1FE /* Preview Assets.xcassets in Resources */ = {isa = PBXBuildFile; fileRef = 44A43F2B2B172FC00053B1FE /* Preview Assets.xcassets */; };
		44A43F3C2B1730D70053B1FE /* LoginView.swift in Sources */ = {isa = PBXBuildFile; fileRef = 44A43F3B2B1730D70053B1FE /* LoginView.swift */; };
		44A43F3E2B1762450053B1FE /* RegistrationView.swift in Sources */ = {isa = PBXBuildFile; fileRef = 44A43F3D2B1762450053B1FE /* RegistrationView.swift */; };
		44A43F412B17691C0053B1FE /* ThreadsTextFieldModifier.swift in Sources */ = {isa = PBXBuildFile; fileRef = 44A43F402B17691C0053B1FE /* ThreadsTextFieldModifier.swift */; };
		44A43F432B1772D60053B1FE /* ThreadsFilledButtonModifier.swift in Sources */ = {isa = PBXBuildFile; fileRef = 44A43F422B1772D60053B1FE /* ThreadsFilledButtonModifier.swift */; };
		44A43F452B177A350053B1FE /* ThreadsTabView.swift in Sources */ = {isa = PBXBuildFile; fileRef = 44A43F442B177A350053B1FE /* ThreadsTabView.swift */; };
		44A43F4A2B17DAD70053B1FE /* FeedView.swift in Sources */ = {isa = PBXBuildFile; fileRef = 44A43F492B17DAD70053B1FE /* FeedView.swift */; };
		44A43F4E2B17DB2F0053B1FE /* ExploreView.swift in Sources */ = {isa = PBXBuildFile; fileRef = 44A43F4D2B17DB2F0053B1FE /* ExploreView.swift */; };
		44A43F522B17DBA20053B1FE /* CreateThreadView.swift in Sources */ = {isa = PBXBuildFile; fileRef = 44A43F512B17DBA20053B1FE /* CreateThreadView.swift */; };
		44A43F572B17DBF30053B1FE /* ActivityView.swift in Sources */ = {isa = PBXBuildFile; fileRef = 44A43F562B17DBF30053B1FE /* ActivityView.swift */; };
		44A43F5A2B17DC0F0053B1FE /* ProfileView.swift in Sources */ = {isa = PBXBuildFile; fileRef = 44A43F592B17DC0F0053B1FE /* ProfileView.swift */; };
/* End PBXBuildFile section */

/* Begin PBXFileReference section */
		44929F9E2B19C2270077D0AD /* ThreadCell.swift */ = {isa = PBXFileReference; lastKnownFileType = sourcecode.swift; path = ThreadCell.swift; sourceTree = "<group>"; };
		44A43F212B172FBC0053B1FE /* ThreadsEd.app */ = {isa = PBXFileReference; explicitFileType = wrapper.application; includeInIndex = 0; path = ThreadsEd.app; sourceTree = BUILT_PRODUCTS_DIR; };
		44A43F242B172FBC0053B1FE /* ThreadsEdApp.swift */ = {isa = PBXFileReference; lastKnownFileType = sourcecode.swift; path = ThreadsEdApp.swift; sourceTree = "<group>"; };
		44A43F262B172FBC0053B1FE /* ContentView.swift */ = {isa = PBXFileReference; lastKnownFileType = sourcecode.swift; path = ContentView.swift; sourceTree = "<group>"; };
		44A43F282B172FC00053B1FE /* Assets.xcassets */ = {isa = PBXFileReference; lastKnownFileType = folder.assetcatalog; path = Assets.xcassets; sourceTree = "<group>"; };
		44A43F2B2B172FC00053B1FE /* Preview Assets.xcassets */ = {isa = PBXFileReference; lastKnownFileType = folder.assetcatalog; path = "Preview Assets.xcassets"; sourceTree = "<group>"; };
		44A43F3B2B1730D70053B1FE /* LoginView.swift */ = {isa = PBXFileReference; lastKnownFileType = sourcecode.swift; path = LoginView.swift; sourceTree = "<group>"; };
		44A43F3D2B1762450053B1FE /* RegistrationView.swift */ = {isa = PBXFileReference; lastKnownFileType = sourcecode.swift; path = RegistrationView.swift; sourceTree = "<group>"; };
		44A43F402B17691C0053B1FE /* ThreadsTextFieldModifier.swift */ = {isa = PBXFileReference; lastKnownFileType = sourcecode.swift; path = ThreadsTextFieldModifier.swift; sourceTree = "<group>"; };
		44A43F422B1772D60053B1FE /* ThreadsFilledButtonModifier.swift */ = {isa = PBXFileReference; lastKnownFileType = sourcecode.swift; path = ThreadsFilledButtonModifier.swift; sourceTree = "<group>"; };
		44A43F442B177A350053B1FE /* ThreadsTabView.swift */ = {isa = PBXFileReference; lastKnownFileType = sourcecode.swift; path = ThreadsTabView.swift; sourceTree = "<group>"; };
		44A43F492B17DAD70053B1FE /* FeedView.swift */ = {isa = PBXFileReference; lastKnownFileType = sourcecode.swift; path = FeedView.swift; sourceTree = "<group>"; };
		44A43F4D2B17DB2F0053B1FE /* ExploreView.swift */ = {isa = PBXFileReference; lastKnownFileType = sourcecode.swift; path = ExploreView.swift; sourceTree = "<group>"; };
		44A43F512B17DBA20053B1FE /* CreateThreadView.swift */ = {isa = PBXFileReference; lastKnownFileType = sourcecode.swift; path = CreateThreadView.swift; sourceTree = "<group>"; };
		44A43F562B17DBF30053B1FE /* ActivityView.swift */ = {isa = PBXFileReference; lastKnownFileType = sourcecode.swift; path = ActivityView.swift; sourceTree = "<group>"; };
		44A43F592B17DC0F0053B1FE /* ProfileView.swift */ = {isa = PBXFileReference; lastKnownFileType = sourcecode.swift; path = ProfileView.swift; sourceTree = "<group>"; };
/* End PBXFileReference section */

/* Begin PBXFrameworksBuildPhase section */
		44A43F1E2B172FBC0053B1FE /* Frameworks */ = {
			isa = PBXFrameworksBuildPhase;
			buildActionMask = 2147483647;
			files = (
			);
			runOnlyForDeploymentPostprocessing = 0;
		};
/* End PBXFrameworksBuildPhase section */

/* Begin PBXGroup section */
		44A43F182B172FBC0053B1FE = {
			isa = PBXGroup;
			children = (
				44A43F232B172FBC0053B1FE /* ThreadsEd */,
				44A43F222B172FBC0053B1FE /* Products */,
			);
			sourceTree = "<group>";
		};
		44A43F222B172FBC0053B1FE /* Products */ = {
			isa = PBXGroup;
			children = (
				44A43F212B172FBC0053B1FE /* ThreadsEd.app */,
			);
			name = Products;
			sourceTree = "<group>";
		};
		44A43F232B172FBC0053B1FE /* ThreadsEd */ = {
			isa = PBXGroup;
			children = (
				44A43F372B17300B0053B1FE /* App */,
				44A43F362B1730070053B1FE /* Core */,
				44A43F352B1730050053B1FE /* Extensions */,
				44A43F342B1730040053B1FE /* Model */,
				44A43F332B1730020053B1FE /* Services */,
				44A43F322B172FFD0053B1FE /* Utils */,
				44A43F242B172FBC0053B1FE /* ThreadsEdApp.swift */,
				44A43F282B172FC00053B1FE /* Assets.xcassets */,
				44A43F2A2B172FC00053B1FE /* Preview Content */,
			);
			path = ThreadsEd;
			sourceTree = "<group>";
		};
		44A43F2A2B172FC00053B1FE /* Preview Content */ = {
			isa = PBXGroup;
			children = (
				44A43F2B2B172FC00053B1FE /* Preview Assets.xcassets */,
			);
			path = "Preview Content";
			sourceTree = "<group>";
		};
		44A43F322B172FFD0053B1FE /* Utils */ = {
			isa = PBXGroup;
			children = (
				44A43F3F2B1769050053B1FE /* ViewModifiers */,
			);
			path = Utils;
			sourceTree = "<group>";
		};
		44A43F332B1730020053B1FE /* Services */ = {
			isa = PBXGroup;
			children = (
			);
			path = Services;
			sourceTree = "<group>";
		};
		44A43F342B1730040053B1FE /* Model */ = {
			isa = PBXGroup;
			children = (
			);
			path = Model;
			sourceTree = "<group>";
		};
		44A43F352B1730050053B1FE /* Extensions */ = {
			isa = PBXGroup;
			children = (
			);
			path = Extensions;
			sourceTree = "<group>";
		};
		44A43F362B1730070053B1FE /* Core */ = {
			isa = PBXGroup;
			children = (
				44A43F382B17305C0053B1FE /* Authentication */,
				44A43F392B1730B40053B1FE /* Root */,
				44A43F462B1787CE0053B1FE /* TabBar */,
				44A43F542B17DBE10053B1FE /* Activity */,
				44A43F532B17DBD30053B1FE /* Profile */,
				44A43F4F2B17DB8E0053B1FE /* ThreadCreation */,
				44A43F4B2B17DB1B0053B1FE /* Explore */,
				44A43F472B17DAC70053B1FE /* Feed */,
			);
			path = Core;
			sourceTree = "<group>";
		};
		44A43F372B17300B0053B1FE /* App */ = {
			isa = PBXGroup;
			children = (
			);
			path = App;
			sourceTree = "<group>";
		};
		44A43F382B17305C0053B1FE /* Authentication */ = {
			isa = PBXGroup;
			children = (
				44A43F3A2B1730CF0053B1FE /* View */,
			);
			path = Authentication;
			sourceTree = "<group>";
		};
		44A43F392B1730B40053B1FE /* Root */ = {
			isa = PBXGroup;
			children = (
				44A43F262B172FBC0053B1FE /* ContentView.swift */,
			);
			path = Root;
			sourceTree = "<group>";
		};
		44A43F3A2B1730CF0053B1FE /* View */ = {
			isa = PBXGroup;
			children = (
				44A43F3B2B1730D70053B1FE /* LoginView.swift */,
				44A43F3D2B1762450053B1FE /* RegistrationView.swift */,
			);
			path = View;
			sourceTree = "<group>";
		};
		44A43F3F2B1769050053B1FE /* ViewModifiers */ = {
			isa = PBXGroup;
			children = (
				44A43F402B17691C0053B1FE /* ThreadsTextFieldModifier.swift */,
				44A43F422B1772D60053B1FE /* ThreadsFilledButtonModifier.swift */,
			);
			path = ViewModifiers;
			sourceTree = "<group>";
		};
		44A43F462B1787CE0053B1FE /* TabBar */ = {
			isa = PBXGroup;
			children = (
				44A43F442B177A350053B1FE /* ThreadsTabView.swift */,
			);
			path = TabBar;
			sourceTree = "<group>";
		};
		44A43F472B17DAC70053B1FE /* Feed */ = {
			isa = PBXGroup;
			children = (
				44A43F482B17DACF0053B1FE /* View */,
			);
			path = Feed;
			sourceTree = "<group>";
		};
		44A43F482B17DACF0053B1FE /* View */ = {
			isa = PBXGroup;
			children = (
				44A43F492B17DAD70053B1FE /* FeedView.swift */,
				44929F9E2B19C2270077D0AD /* ThreadCell.swift */,
			);
			path = View;
			sourceTree = "<group>";
		};
		44A43F4B2B17DB1B0053B1FE /* Explore */ = {
			isa = PBXGroup;
			children = (
				44A43F4C2B17DB260053B1FE /* View */,
			);
			path = Explore;
			sourceTree = "<group>";
		};
		44A43F4C2B17DB260053B1FE /* View */ = {
			isa = PBXGroup;
			children = (
				44A43F4D2B17DB2F0053B1FE /* ExploreView.swift */,
			);
			path = View;
			sourceTree = "<group>";
		};
		44A43F4F2B17DB8E0053B1FE /* ThreadCreation */ = {
			isa = PBXGroup;
			children = (
				44A43F502B17DB960053B1FE /* View */,
			);
			path = ThreadCreation;
			sourceTree = "<group>";
		};
		44A43F502B17DB960053B1FE /* View */ = {
			isa = PBXGroup;
			children = (
				44A43F512B17DBA20053B1FE /* CreateThreadView.swift */,
			);
			path = View;
			sourceTree = "<group>";
		};
		44A43F532B17DBD30053B1FE /* Profile */ = {
			isa = PBXGroup;
			children = (
				44A43F582B17DC050053B1FE /* View */,
			);
			path = Profile;
			sourceTree = "<group>";
		};
		44A43F542B17DBE10053B1FE /* Activity */ = {
			isa = PBXGroup;
			children = (
				44A43F552B17DBE80053B1FE /* View */,
			);
			path = Activity;
			sourceTree = "<group>";
		};
		44A43F552B17DBE80053B1FE /* View */ = {
			isa = PBXGroup;
			children = (
				44A43F562B17DBF30053B1FE /* ActivityView.swift */,
			);
			path = View;
			sourceTree = "<group>";
		};
		44A43F582B17DC050053B1FE /* View */ = {
			isa = PBXGroup;
			children = (
				44A43F592B17DC0F0053B1FE /* ProfileView.swift */,
			);
			path = View;
			sourceTree = "<group>";
		};
/* End PBXGroup section */

/* Begin PBXNativeTarget section */
		44A43F202B172FBC0053B1FE /* ThreadsEd */ = {
			isa = PBXNativeTarget;
			buildConfigurationList = 44A43F2F2B172FC00053B1FE /* Build configuration list for PBXNativeTarget "ThreadsEd" */;
			buildPhases = (
				44A43F1D2B172FBC0053B1FE /* Sources */,
				44A43F1E2B172FBC0053B1FE /* Frameworks */,
				44A43F1F2B172FBC0053B1FE /* Resources */,
			);
			buildRules = (
			);
			dependencies = (
			);
			name = ThreadsEd;
			productName = ThreadsEd;
			productReference = 44A43F212B172FBC0053B1FE /* ThreadsEd.app */;
			productType = "com.apple.product-type.application";
		};
/* End PBXNativeTarget section */

/* Begin PBXProject section */
		44A43F192B172FBC0053B1FE /* Project object */ = {
			isa = PBXProject;
			attributes = {
				BuildIndependentTargetsInParallel = 1;
				LastSwiftUpdateCheck = 1500;
				LastUpgradeCheck = 1500;
				TargetAttributes = {
					44A43F202B172FBC0053B1FE = {
						CreatedOnToolsVersion = 15.0;
					};
				};
			};
			buildConfigurationList = 44A43F1C2B172FBC0053B1FE /* Build configuration list for PBXProject "ThreadsEd" */;
			compatibilityVersion = "Xcode 14.0";
			developmentRegion = en;
			hasScannedForEncodings = 0;
			knownRegions = (
				en,
				Base,
			);
			mainGroup = 44A43F182B172FBC0053B1FE;
			productRefGroup = 44A43F222B172FBC0053B1FE /* Products */;
			projectDirPath = "";
			projectRoot = "";
			targets = (
				44A43F202B172FBC0053B1FE /* ThreadsEd */,
			);
		};
/* End PBXProject section */

/* Begin PBXResourcesBuildPhase section */
		44A43F1F2B172FBC0053B1FE /* Resources */ = {
			isa = PBXResourcesBuildPhase;
			buildActionMask = 2147483647;
			files = (
				44A43F2C2B172FC00053B1FE /* Preview Assets.xcassets in Resources */,
				44A43F292B172FC00053B1FE /* Assets.xcassets in Resources */,
			);
			runOnlyForDeploymentPostprocessing = 0;
		};
/* End PBXResourcesBuildPhase section */

/* Begin PBXSourcesBuildPhase section */
		44A43F1D2B172FBC0053B1FE /* Sources */ = {
			isa = PBXSourcesBuildPhase;
			buildActionMask = 2147483647;
			files = (
				44A43F572B17DBF30053B1FE /* ActivityView.swift in Sources */,
				44A43F522B17DBA20053B1FE /* CreateThreadView.swift in Sources */,
				44A43F4A2B17DAD70053B1FE /* FeedView.swift in Sources */,
				44A43F4E2B17DB2F0053B1FE /* ExploreView.swift in Sources */,
				44A43F5A2B17DC0F0053B1FE /* ProfileView.swift in Sources */,
				44A43F3C2B1730D70053B1FE /* LoginView.swift in Sources */,
				44A43F272B172FBC0053B1FE /* ContentView.swift in Sources */,
				44A43F452B177A350053B1FE /* ThreadsTabView.swift in Sources */,
				44929F9F2B19C2270077D0AD /* ThreadCell.swift in Sources */,
				44A43F432B1772D60053B1FE /* ThreadsFilledButtonModifier.swift in Sources */,
				44A43F412B17691C0053B1FE /* ThreadsTextFieldModifier.swift in Sources */,
				44A43F252B172FBC0053B1FE /* ThreadsEdApp.swift in Sources */,
				44A43F3E2B1762450053B1FE /* RegistrationView.swift in Sources */,
			);
			runOnlyForDeploymentPostprocessing = 0;
		};
/* End PBXSourcesBuildPhase section */

/* Begin XCBuildConfiguration section */
		44A43F2D2B172FC00053B1FE /* Debug */ = {
			isa = XCBuildConfiguration;
			buildSettings = {
				ALWAYS_SEARCH_USER_PATHS = NO;
				ASSETCATALOG_COMPILER_GENERATE_SWIFT_ASSET_SYMBOL_EXTENSIONS = YES;
				CLANG_ANALYZER_NONNULL = YES;
				CLANG_ANALYZER_NUMBER_OBJECT_CONVERSION = YES_AGGRESSIVE;
				CLANG_CXX_LANGUAGE_STANDARD = "gnu++20";
				CLANG_ENABLE_MODULES = YES;
				CLANG_ENABLE_OBJC_ARC = YES;
				CLANG_ENABLE_OBJC_WEAK = YES;
				CLANG_WARN_BLOCK_CAPTURE_AUTORELEASING = YES;
				CLANG_WARN_BOOL_CONVERSION = YES;
				CLANG_WARN_COMMA = YES;
				CLANG_WARN_CONSTANT_CONVERSION = YES;
				CLANG_WARN_DEPRECATED_OBJC_IMPLEMENTATIONS = YES;
				CLANG_WARN_DIRECT_OBJC_ISA_USAGE = YES_ERROR;
				CLANG_WARN_DOCUMENTATION_COMMENTS = YES;
				CLANG_WARN_EMPTY_BODY = YES;
				CLANG_WARN_ENUM_CONVERSION = YES;
				CLANG_WARN_INFINITE_RECURSION = YES;
				CLANG_WARN_INT_CONVERSION = YES;
				CLANG_WARN_NON_LITERAL_NULL_CONVERSION = YES;
				CLANG_WARN_OBJC_IMPLICIT_RETAIN_SELF = YES;
				CLANG_WARN_OBJC_LITERAL_CONVERSION = YES;
				CLANG_WARN_OBJC_ROOT_CLASS = YES_ERROR;
				CLANG_WARN_QUOTED_INCLUDE_IN_FRAMEWORK_HEADER = YES;
				CLANG_WARN_RANGE_LOOP_ANALYSIS = YES;
				CLANG_WARN_STRICT_PROTOTYPES = YES;
				CLANG_WARN_SUSPICIOUS_MOVE = YES;
				CLANG_WARN_UNGUARDED_AVAILABILITY = YES_AGGRESSIVE;
				CLANG_WARN_UNREACHABLE_CODE = YES;
				CLANG_WARN__DUPLICATE_METHOD_MATCH = YES;
				COPY_PHASE_STRIP = NO;
				DEBUG_INFORMATION_FORMAT = dwarf;
				ENABLE_STRICT_OBJC_MSGSEND = YES;
				ENABLE_TESTABILITY = YES;
				ENABLE_USER_SCRIPT_SANDBOXING = YES;
				GCC_C_LANGUAGE_STANDARD = gnu17;
				GCC_DYNAMIC_NO_PIC = NO;
				GCC_NO_COMMON_BLOCKS = YES;
				GCC_OPTIMIZATION_LEVEL = 0;
				GCC_PREPROCESSOR_DEFINITIONS = (
					"DEBUG=1",
					"$(inherited)",
				);
				GCC_WARN_64_TO_32_BIT_CONVERSION = YES;
				GCC_WARN_ABOUT_RETURN_TYPE = YES_ERROR;
				GCC_WARN_UNDECLARED_SELECTOR = YES;
				GCC_WARN_UNINITIALIZED_AUTOS = YES_AGGRESSIVE;
				GCC_WARN_UNUSED_FUNCTION = YES;
				GCC_WARN_UNUSED_VARIABLE = YES;
				IPHONEOS_DEPLOYMENT_TARGET = 17.0;
				LOCALIZATION_PREFERS_STRING_CATALOGS = YES;
				MTL_ENABLE_DEBUG_INFO = INCLUDE_SOURCE;
				MTL_FAST_MATH = YES;
				ONLY_ACTIVE_ARCH = YES;
				SDKROOT = iphoneos;
				SWIFT_ACTIVE_COMPILATION_CONDITIONS = "DEBUG $(inherited)";
				SWIFT_OPTIMIZATION_LEVEL = "-Onone";
			};
			name = Debug;
		};
		44A43F2E2B172FC00053B1FE /* Release */ = {
			isa = XCBuildConfiguration;
			buildSettings = {
				ALWAYS_SEARCH_USER_PATHS = NO;
				ASSETCATALOG_COMPILER_GENERATE_SWIFT_ASSET_SYMBOL_EXTENSIONS = YES;
				CLANG_ANALYZER_NONNULL = YES;
				CLANG_ANALYZER_NUMBER_OBJECT_CONVERSION = YES_AGGRESSIVE;
				CLANG_CXX_LANGUAGE_STANDARD = "gnu++20";
				CLANG_ENABLE_MODULES = YES;
				CLANG_ENABLE_OBJC_ARC = YES;
				CLANG_ENABLE_OBJC_WEAK = YES;
				CLANG_WARN_BLOCK_CAPTURE_AUTORELEASING = YES;
				CLANG_WARN_BOOL_CONVERSION = YES;
				CLANG_WARN_COMMA = YES;
				CLANG_WARN_CONSTANT_CONVERSION = YES;
				CLANG_WARN_DEPRECATED_OBJC_IMPLEMENTATIONS = YES;
				CLANG_WARN_DIRECT_OBJC_ISA_USAGE = YES_ERROR;
				CLANG_WARN_DOCUMENTATION_COMMENTS = YES;
				CLANG_WARN_EMPTY_BODY = YES;
				CLANG_WARN_ENUM_CONVERSION = YES;
				CLANG_WARN_INFINITE_RECURSION = YES;
				CLANG_WARN_INT_CONVERSION = YES;
				CLANG_WARN_NON_LITERAL_NULL_CONVERSION = YES;
				CLANG_WARN_OBJC_IMPLICIT_RETAIN_SELF = YES;
				CLANG_WARN_OBJC_LITERAL_CONVERSION = YES;
				CLANG_WARN_OBJC_ROOT_CLASS = YES_ERROR;
				CLANG_WARN_QUOTED_INCLUDE_IN_FRAMEWORK_HEADER = YES;
				CLANG_WARN_RANGE_LOOP_ANALYSIS = YES;
				CLANG_WARN_STRICT_PROTOTYPES = YES;
				CLANG_WARN_SUSPICIOUS_MOVE = YES;
				CLANG_WARN_UNGUARDED_AVAILABILITY = YES_AGGRESSIVE;
				CLANG_WARN_UNREACHABLE_CODE = YES;
				CLANG_WARN__DUPLICATE_METHOD_MATCH = YES;
				COPY_PHASE_STRIP = NO;
				DEBUG_INFORMATION_FORMAT = "dwarf-with-dsym";
				ENABLE_NS_ASSERTIONS = NO;
				ENABLE_STRICT_OBJC_MSGSEND = YES;
				ENABLE_USER_SCRIPT_SANDBOXING = YES;
				GCC_C_LANGUAGE_STANDARD = gnu17;
				GCC_NO_COMMON_BLOCKS = YES;
				GCC_WARN_64_TO_32_BIT_CONVERSION = YES;
				GCC_WARN_ABOUT_RETURN_TYPE = YES_ERROR;
				GCC_WARN_UNDECLARED_SELECTOR = YES;
				GCC_WARN_UNINITIALIZED_AUTOS = YES_AGGRESSIVE;
				GCC_WARN_UNUSED_FUNCTION = YES;
				GCC_WARN_UNUSED_VARIABLE = YES;
				IPHONEOS_DEPLOYMENT_TARGET = 17.0;
				LOCALIZATION_PREFERS_STRING_CATALOGS = YES;
				MTL_ENABLE_DEBUG_INFO = NO;
				MTL_FAST_MATH = YES;
				SDKROOT = iphoneos;
				SWIFT_COMPILATION_MODE = wholemodule;
				VALIDATE_PRODUCT = YES;
			};
			name = Release;
		};
		44A43F302B172FC00053B1FE /* Debug */ = {
			isa = XCBuildConfiguration;
			buildSettings = {
				ASSETCATALOG_COMPILER_APPICON_NAME = AppIcon;
				ASSETCATALOG_COMPILER_GLOBAL_ACCENT_COLOR_NAME = AccentColor;
				CODE_SIGN_STYLE = Automatic;
				CURRENT_PROJECT_VERSION = 1;
				DEVELOPMENT_ASSET_PATHS = "\"ThreadsEd/Preview Content\"";
				DEVELOPMENT_TEAM = P3M5QHTYAT;
				ENABLE_PREVIEWS = YES;
				GENERATE_INFOPLIST_FILE = YES;
				INFOPLIST_KEY_UIApplicationSceneManifest_Generation = YES;
				INFOPLIST_KEY_UIApplicationSupportsIndirectInputEvents = YES;
				INFOPLIST_KEY_UILaunchScreen_Generation = YES;
				INFOPLIST_KEY_UISupportedInterfaceOrientations_iPad = "UIInterfaceOrientationPortrait UIInterfaceOrientationPortraitUpsideDown UIInterfaceOrientationLandscapeLeft UIInterfaceOrientationLandscapeRight";
				INFOPLIST_KEY_UISupportedInterfaceOrientations_iPhone = "UIInterfaceOrientationPortrait UIInterfaceOrientationLandscapeLeft UIInterfaceOrientationLandscapeRight";
				LD_RUNPATH_SEARCH_PATHS = (
					"$(inherited)",
					"@executable_path/Frameworks",
				);
				MARKETING_VERSION = 1.0;
				PRODUCT_BUNDLE_IDENTIFIER = bugrym.ThreadsEd;
				PRODUCT_NAME = "$(TARGET_NAME)";
				SWIFT_EMIT_LOC_STRINGS = YES;
				SWIFT_VERSION = 5.0;
				TARGETED_DEVICE_FAMILY = "1,2";
			};
			name = Debug;
		};
		44A43F312B172FC00053B1FE /* Release */ = {
			isa = XCBuildConfiguration;
			buildSettings = {
				ASSETCATALOG_COMPILER_APPICON_NAME = AppIcon;
				ASSETCATALOG_COMPILER_GLOBAL_ACCENT_COLOR_NAME = AccentColor;
				CODE_SIGN_STYLE = Automatic;
				CURRENT_PROJECT_VERSION = 1;
				DEVELOPMENT_ASSET_PATHS = "\"ThreadsEd/Preview Content\"";
				DEVELOPMENT_TEAM = P3M5QHTYAT;
				ENABLE_PREVIEWS = YES;
				GENERATE_INFOPLIST_FILE = YES;
				INFOPLIST_KEY_UIApplicationSceneManifest_Generation = YES;
				INFOPLIST_KEY_UIApplicationSupportsIndirectInputEvents = YES;
				INFOPLIST_KEY_UILaunchScreen_Generation = YES;
				INFOPLIST_KEY_UISupportedInterfaceOrientations_iPad = "UIInterfaceOrientationPortrait UIInterfaceOrientationPortraitUpsideDown UIInterfaceOrientationLandscapeLeft UIInterfaceOrientationLandscapeRight";
				INFOPLIST_KEY_UISupportedInterfaceOrientations_iPhone = "UIInterfaceOrientationPortrait UIInterfaceOrientationLandscapeLeft UIInterfaceOrientationLandscapeRight";
				LD_RUNPATH_SEARCH_PATHS = (
					"$(inherited)",
					"@executable_path/Frameworks",
				);
				MARKETING_VERSION = 1.0;
				PRODUCT_BUNDLE_IDENTIFIER = bugrym.ThreadsEd;
				PRODUCT_NAME = "$(TARGET_NAME)";
				SWIFT_EMIT_LOC_STRINGS = YES;
				SWIFT_VERSION = 5.0;
				TARGETED_DEVICE_FAMILY = "1,2";
			};
			name = Release;
		};
/* End XCBuildConfiguration section */

/* Begin XCConfigurationList section */
		44A43F1C2B172FBC0053B1FE /* Build configuration list for PBXProject "ThreadsEd" */ = {
			isa = XCConfigurationList;
			buildConfigurations = (
				44A43F2D2B172FC00053B1FE /* Debug */,
				44A43F2E2B172FC00053B1FE /* Release */,
			);
			defaultConfigurationIsVisible = 0;
			defaultConfigurationName = Release;
		};
		44A43F2F2B172FC00053B1FE /* Build configuration list for PBXNativeTarget "ThreadsEd" */ = {
			isa = XCConfigurationList;
			buildConfigurations = (
				44A43F302B172FC00053B1FE /* Debug */,
				44A43F312B172FC00053B1FE /* Release */,
			);
			defaultConfigurationIsVisible = 0;
			defaultConfigurationName = Release;
		};
/* End XCConfigurationList section */
	};
	rootObject = 44A43F192B172FBC0053B1FE /* Project object */;
}
